Microsoft Visual Studio Solution File, Format Version 11.00
# Visual Studio 2010
Project("{8BC9CEB8-8B4A-11D0-8D11-00A0C91BC942}") = "prep", "expansive-windows-default\prep.vcxproj", "{2DDCC749-D49B-42E6-8E4E-0CE105C6F507}"
	ProjectSection(ProjectDependencies) = postProject
		{2DDCC749-D49B-42E6-8E4E-0CE105C6F507} = {2DDCC749-D49B-42E6-8E4E-0CE105C6F507}
	EndProjectSection
EndProject
Project("{8BC9CEB8-8B4A-11D0-8D11-00A0C91BC942}") = "libmpr", "expansive-windows-default\libmpr.vcxproj", "{02CA7374-D1AA-425D-8F85-9AD8320980E7}"
	ProjectSection(ProjectDependencies) = postProject
		{2DDCC749-D49B-42E6-8E4E-0CE105C6F507} = {2DDCC749-D49B-42E6-8E4E-0CE105C6F507}
	EndProjectSection
	ProjectSection(ProjectDependencies) = postProject
		{5DFF4384-61A3-4CDC-B88F-3478E44EA2D0} = {5DFF4384-61A3-4CDC-B88F-3478E44EA2D0}
	EndProjectSection
	ProjectSection(ProjectDependencies) = postProject
		{EF9167C5-2D3E-42C8-8D32-3E9A2B4D8DF5} = {EF9167C5-2D3E-42C8-8D32-3E9A2B4D8DF5}
	EndProjectSection
	ProjectSection(ProjectDependencies) = postProject
		{02CA7374-D1AA-425D-8F85-9AD8320980E7} = {02CA7374-D1AA-425D-8F85-9AD8320980E7}
	EndProjectSection
EndProject
Project("{8BC9CEB8-8B4A-11D0-8D11-00A0C91BC942}") = "libpcre", "expansive-windows-default\libpcre.vcxproj", "{4BDD6F9C-78F4-4F4C-9A4B-9EBD713D1D00}"
	ProjectSection(ProjectDependencies) = postProject
		{2DDCC749-D49B-42E6-8E4E-0CE105C6F507} = {2DDCC749-D49B-42E6-8E4E-0CE105C6F507}
	EndProjectSection
	ProjectSection(ProjectDependencies) = postProject
		{4BDD6F9C-78F4-4F4C-9A4B-9EBD713D1D00} = {4BDD6F9C-78F4-4F4C-9A4B-9EBD713D1D00}
	EndProjectSection
EndProject
Project("{8BC9CEB8-8B4A-11D0-8D11-00A0C91BC942}") = "libhttp", "expansive-windows-default\libhttp.vcxproj", "{55D3272A-C6B1-45CB-9B3B-7BD1FF9B0ED9}"
	ProjectSection(ProjectDependencies) = postProject
		{2DDCC749-D49B-42E6-8E4E-0CE105C6F507} = {2DDCC749-D49B-42E6-8E4E-0CE105C6F507}
	EndProjectSection
	ProjectSection(ProjectDependencies) = postProject
		{5DFF4384-61A3-4CDC-B88F-3478E44EA2D0} = {5DFF4384-61A3-4CDC-B88F-3478E44EA2D0}
	EndProjectSection
	ProjectSection(ProjectDependencies) = postProject
		{EF9167C5-2D3E-42C8-8D32-3E9A2B4D8DF5} = {EF9167C5-2D3E-42C8-8D32-3E9A2B4D8DF5}
	EndProjectSection
	ProjectSection(ProjectDependencies) = postProject
		{02CA7374-D1AA-425D-8F85-9AD8320980E7} = {02CA7374-D1AA-425D-8F85-9AD8320980E7}
	EndProjectSection
	ProjectSection(ProjectDependencies) = postProject
		{4BDD6F9C-78F4-4F4C-9A4B-9EBD713D1D00} = {4BDD6F9C-78F4-4F4C-9A4B-9EBD713D1D00}
	EndProjectSection
	ProjectSection(ProjectDependencies) = postProject
		{55D3272A-C6B1-45CB-9B3B-7BD1FF9B0ED9} = {55D3272A-C6B1-45CB-9B3B-7BD1FF9B0ED9}
	EndProjectSection
EndProject
Project("{8BC9CEB8-8B4A-11D0-8D11-00A0C91BC942}") = "libzlib", "expansive-windows-default\libzlib.vcxproj", "{CB7A943F-B210-498C-80DD-8BA85D017F7E}"
	ProjectSection(ProjectDependencies) = postProject
		{2DDCC749-D49B-42E6-8E4E-0CE105C6F507} = {2DDCC749-D49B-42E6-8E4E-0CE105C6F507}
	EndProjectSection
	ProjectSection(ProjectDependencies) = postProject
		{CB7A943F-B210-498C-80DD-8BA85D017F7E} = {CB7A943F-B210-498C-80DD-8BA85D017F7E}
	EndProjectSection
EndProject
Project("{8BC9CEB8-8B4A-11D0-8D11-00A0C91BC942}") = "libejs", "expansive-windows-default\libejs.vcxproj", "{12F2348B-A901-4127-BE49-8E456FDA9002}"
	ProjectSection(ProjectDependencies) = postProject
		{2DDCC749-D49B-42E6-8E4E-0CE105C6F507} = {2DDCC749-D49B-42E6-8E4E-0CE105C6F507}
	EndProjectSection
	ProjectSection(ProjectDependencies) = postProject
		{5DFF4384-61A3-4CDC-B88F-3478E44EA2D0} = {5DFF4384-61A3-4CDC-B88F-3478E44EA2D0}
	EndProjectSection
	ProjectSection(ProjectDependencies) = postProject
		{EF9167C5-2D3E-42C8-8D32-3E9A2B4D8DF5} = {EF9167C5-2D3E-42C8-8D32-3E9A2B4D8DF5}
	EndProjectSection
	ProjectSection(ProjectDependencies) = postProject
		{02CA7374-D1AA-425D-8F85-9AD8320980E7} = {02CA7374-D1AA-425D-8F85-9AD8320980E7}
	EndProjectSection
	ProjectSection(ProjectDependencies) = postProject
		{4BDD6F9C-78F4-4F4C-9A4B-9EBD713D1D00} = {4BDD6F9C-78F4-4F4C-9A4B-9EBD713D1D00}
	EndProjectSection
	ProjectSection(ProjectDependencies) = postProject
		{55D3272A-C6B1-45CB-9B3B-7BD1FF9B0ED9} = {55D3272A-C6B1-45CB-9B3B-7BD1FF9B0ED9}
	EndProjectSection
	ProjectSection(ProjectDependencies) = postProject
		{CB7A943F-B210-498C-80DD-8BA85D017F7E} = {CB7A943F-B210-498C-80DD-8BA85D017F7E}
	EndProjectSection
	ProjectSection(ProjectDependencies) = postProject
		{12F2348B-A901-4127-BE49-8E456FDA9002} = {12F2348B-A901-4127-BE49-8E456FDA9002}
	EndProjectSection
EndProject
Project("{8BC9CEB8-8B4A-11D0-8D11-00A0C91BC942}") = "ejsc", "expansive-windows-default\ejsc.vcxproj", "{75A3C39B-7CD5-473D-8AA0-E3C369AB6B33}"
	ProjectSection(ProjectDependencies) = postProject
		{2DDCC749-D49B-42E6-8E4E-0CE105C6F507} = {2DDCC749-D49B-42E6-8E4E-0CE105C6F507}
	EndProjectSection
	ProjectSection(ProjectDependencies) = postProject
		{5DFF4384-61A3-4CDC-B88F-3478E44EA2D0} = {5DFF4384-61A3-4CDC-B88F-3478E44EA2D0}
	EndProjectSection
	ProjectSection(ProjectDependencies) = postProject
		{EF9167C5-2D3E-42C8-8D32-3E9A2B4D8DF5} = {EF9167C5-2D3E-42C8-8D32-3E9A2B4D8DF5}
	EndProjectSection
	ProjectSection(ProjectDependencies) = postProject
		{02CA7374-D1AA-425D-8F85-9AD8320980E7} = {02CA7374-D1AA-425D-8F85-9AD8320980E7}
	EndProjectSection
	ProjectSection(ProjectDependencies) = postProject
		{4BDD6F9C-78F4-4F4C-9A4B-9EBD713D1D00} = {4BDD6F9C-78F4-4F4C-9A4B-9EBD713D1D00}
	EndProjectSection
	ProjectSection(ProjectDependencies) = postProject
		{55D3272A-C6B1-45CB-9B3B-7BD1FF9B0ED9} = {55D3272A-C6B1-45CB-9B3B-7BD1FF9B0ED9}
	EndProjectSection
	ProjectSection(ProjectDependencies) = postProject
		{CB7A943F-B210-498C-80DD-8BA85D017F7E} = {CB7A943F-B210-498C-80DD-8BA85D017F7E}
	EndProjectSection
	ProjectSection(ProjectDependencies) = postProject
		{12F2348B-A901-4127-BE49-8E456FDA9002} = {12F2348B-A901-4127-BE49-8E456FDA9002}
	EndProjectSection
	ProjectSection(ProjectDependencies) = postProject
		{75A3C39B-7CD5-473D-8AA0-E3C369AB6B33} = {75A3C39B-7CD5-473D-8AA0-E3C369AB6B33}
	EndProjectSection
EndProject
Project("{8BC9CEB8-8B4A-11D0-8D11-00A0C91BC942}") = "ejs.mod", "expansive-windows-default\ejs.mod.vcxproj", "{58ABBB3C-AF93-4C4C-B6FA-A27E1603A1C9}"
	ProjectSection(ProjectDependencies) = postProject
		{2DDCC749-D49B-42E6-8E4E-0CE105C6F507} = {2DDCC749-D49B-42E6-8E4E-0CE105C6F507}
	EndProjectSection
	ProjectSection(ProjectDependencies) = postProject
		{5DFF4384-61A3-4CDC-B88F-3478E44EA2D0} = {5DFF4384-61A3-4CDC-B88F-3478E44EA2D0}
	EndProjectSection
	ProjectSection(ProjectDependencies) = postProject
		{EF9167C5-2D3E-42C8-8D32-3E9A2B4D8DF5} = {EF9167C5-2D3E-42C8-8D32-3E9A2B4D8DF5}
	EndProjectSection
	ProjectSection(ProjectDependencies) = postProject
		{02CA7374-D1AA-425D-8F85-9AD8320980E7} = {02CA7374-D1AA-425D-8F85-9AD8320980E7}
	EndProjectSection
	ProjectSection(ProjectDependencies) = postProject
		{4BDD6F9C-78F4-4F4C-9A4B-9EBD713D1D00} = {4BDD6F9C-78F4-4F4C-9A4B-9EBD713D1D00}
	EndProjectSection
	ProjectSection(ProjectDependencies) = postProject
		{55D3272A-C6B1-45CB-9B3B-7BD1FF9B0ED9} = {55D3272A-C6B1-45CB-9B3B-7BD1FF9B0ED9}
	EndProjectSection
	ProjectSection(ProjectDependencies) = postProject
		{CB7A943F-B210-498C-80DD-8BA85D017F7E} = {CB7A943F-B210-498C-80DD-8BA85D017F7E}
	EndProjectSection
	ProjectSection(ProjectDependencies) = postProject
		{12F2348B-A901-4127-BE49-8E456FDA9002} = {12F2348B-A901-4127-BE49-8E456FDA9002}
	EndProjectSection
	ProjectSection(ProjectDependencies) = postProject
		{75A3C39B-7CD5-473D-8AA0-E3C369AB6B33} = {75A3C39B-7CD5-473D-8AA0-E3C369AB6B33}
	EndProjectSection
	ProjectSection(ProjectDependencies) = postProject
		{58ABBB3C-AF93-4C4C-B6FA-A27E1603A1C9} = {58ABBB3C-AF93-4C4C-B6FA-A27E1603A1C9}
	EndProjectSection
EndProject
Project("{8BC9CEB8-8B4A-11D0-8D11-00A0C91BC942}") = "expansive.mod", "expansive-windows-default\expansive.mod.vcxproj", "{16DFB951-AD2C-4985-B2CE-CB9F2E1B3BB5}"
	ProjectSection(ProjectDependencies) = postProject
		{2DDCC749-D49B-42E6-8E4E-0CE105C6F507} = {2DDCC749-D49B-42E6-8E4E-0CE105C6F507}
	EndProjectSection
	ProjectSection(ProjectDependencies) = postProject
		{5DFF4384-61A3-4CDC-B88F-3478E44EA2D0} = {5DFF4384-61A3-4CDC-B88F-3478E44EA2D0}
	EndProjectSection
	ProjectSection(ProjectDependencies) = postProject
		{EF9167C5-2D3E-42C8-8D32-3E9A2B4D8DF5} = {EF9167C5-2D3E-42C8-8D32-3E9A2B4D8DF5}
	EndProjectSection
	ProjectSection(ProjectDependencies) = postProject
		{02CA7374-D1AA-425D-8F85-9AD8320980E7} = {02CA7374-D1AA-425D-8F85-9AD8320980E7}
	EndProjectSection
	ProjectSection(ProjectDependencies) = postProject
		{4BDD6F9C-78F4-4F4C-9A4B-9EBD713D1D00} = {4BDD6F9C-78F4-4F4C-9A4B-9EBD713D1D00}
	EndProjectSection
	ProjectSection(ProjectDependencies) = postProject
		{55D3272A-C6B1-45CB-9B3B-7BD1FF9B0ED9} = {55D3272A-C6B1-45CB-9B3B-7BD1FF9B0ED9}
	EndProjectSection
	ProjectSection(ProjectDependencies) = postProject
		{CB7A943F-B210-498C-80DD-8BA85D017F7E} = {CB7A943F-B210-498C-80DD-8BA85D017F7E}
	EndProjectSection
	ProjectSection(ProjectDependencies) = postProject
		{12F2348B-A901-4127-BE49-8E456FDA9002} = {12F2348B-A901-4127-BE49-8E456FDA9002}
	EndProjectSection
	ProjectSection(ProjectDependencies) = postProject
		{75A3C39B-7CD5-473D-8AA0-E3C369AB6B33} = {75A3C39B-7CD5-473D-8AA0-E3C369AB6B33}
	EndProjectSection
	ProjectSection(ProjectDependencies) = postProject
		{58ABBB3C-AF93-4C4C-B6FA-A27E1603A1C9} = {58ABBB3C-AF93-4C4C-B6FA-A27E1603A1C9}
	EndProjectSection
	ProjectSection(ProjectDependencies) = postProject
		{16DFB951-AD2C-4985-B2CE-CB9F2E1B3BB5} = {16DFB951-AD2C-4985-B2CE-CB9F2E1B3BB5}
	EndProjectSection
EndProject
Project("{8BC9CEB8-8B4A-11D0-8D11-00A0C91BC942}") = "expansive", "expansive-windows-default\expansive.vcxproj", "{80960947-AC85-4936-AE84-93B0B65B2722}"
	ProjectSection(ProjectDependencies) = postProject
		{2DDCC749-D49B-42E6-8E4E-0CE105C6F507} = {2DDCC749-D49B-42E6-8E4E-0CE105C6F507}
	EndProjectSection
	ProjectSection(ProjectDependencies) = postProject
		{5DFF4384-61A3-4CDC-B88F-3478E44EA2D0} = {5DFF4384-61A3-4CDC-B88F-3478E44EA2D0}
	EndProjectSection
	ProjectSection(ProjectDependencies) = postProject
		{EF9167C5-2D3E-42C8-8D32-3E9A2B4D8DF5} = {EF9167C5-2D3E-42C8-8D32-3E9A2B4D8DF5}
	EndProjectSection
	ProjectSection(ProjectDependencies) = postProject
		{02CA7374-D1AA-425D-8F85-9AD8320980E7} = {02CA7374-D1AA-425D-8F85-9AD8320980E7}
	EndProjectSection
	ProjectSection(ProjectDependencies) = postProject
		{4BDD6F9C-78F4-4F4C-9A4B-9EBD713D1D00} = {4BDD6F9C-78F4-4F4C-9A4B-9EBD713D1D00}
	EndProjectSection
	ProjectSection(ProjectDependencies) = postProject
		{55D3272A-C6B1-45CB-9B3B-7BD1FF9B0ED9} = {55D3272A-C6B1-45CB-9B3B-7BD1FF9B0ED9}
	EndProjectSection
	ProjectSection(ProjectDependencies) = postProject
		{CB7A943F-B210-498C-80DD-8BA85D017F7E} = {CB7A943F-B210-498C-80DD-8BA85D017F7E}
	EndProjectSection
	ProjectSection(ProjectDependencies) = postProject
		{12F2348B-A901-4127-BE49-8E456FDA9002} = {12F2348B-A901-4127-BE49-8E456FDA9002}
	EndProjectSection
	ProjectSection(ProjectDependencies) = postProject
		{75A3C39B-7CD5-473D-8AA0-E3C369AB6B33} = {75A3C39B-7CD5-473D-8AA0-E3C369AB6B33}
	EndProjectSection
	ProjectSection(ProjectDependencies) = postProject
		{58ABBB3C-AF93-4C4C-B6FA-A27E1603A1C9} = {58ABBB3C-AF93-4C4C-B6FA-A27E1603A1C9}
	EndProjectSection
	ProjectSection(ProjectDependencies) = postProject
		{16DFB951-AD2C-4985-B2CE-CB9F2E1B3BB5} = {16DFB951-AD2C-4985-B2CE-CB9F2E1B3BB5}
	EndProjectSection
	ProjectSection(ProjectDependencies) = postProject
		{80960947-AC85-4936-AE84-93B0B65B2722} = {80960947-AC85-4936-AE84-93B0B65B2722}
	EndProjectSection
EndProject
Project("{8BC9CEB8-8B4A-11D0-8D11-00A0C91BC942}") = "install-certs", "expansive-windows-default\install-certs.vcxproj", "{170FD981-3164-4E3F-A8DA-BF34FC01E99D}"
	ProjectSection(ProjectDependencies) = postProject
		{2DDCC749-D49B-42E6-8E4E-0CE105C6F507} = {2DDCC749-D49B-42E6-8E4E-0CE105C6F507}
	EndProjectSection
	ProjectSection(ProjectDependencies) = postProject
		{170FD981-3164-4E3F-A8DA-BF34FC01E99D} = {170FD981-3164-4E3F-A8DA-BF34FC01E99D}
	EndProjectSection
EndProject
Project("{8BC9CEB8-8B4A-11D0-8D11-00A0C91BC942}") = "libmbedtls", "expansive-windows-default\libmbedtls.vcxproj", "{5DFF4384-61A3-4CDC-B88F-3478E44EA2D0}"
	ProjectSection(ProjectDependencies) = postProject
		{2DDCC749-D49B-42E6-8E4E-0CE105C6F507} = {2DDCC749-D49B-42E6-8E4E-0CE105C6F507}
	EndProjectSection
	ProjectSection(ProjectDependencies) = postProject
		{5DFF4384-61A3-4CDC-B88F-3478E44EA2D0} = {5DFF4384-61A3-4CDC-B88F-3478E44EA2D0}
	EndProjectSection
EndProject
Project("{8BC9CEB8-8B4A-11D0-8D11-00A0C91BC942}") = "libmpr-mbedtls", "expansive-windows-default\libmpr-mbedtls.vcxproj", "{EF9167C5-2D3E-42C8-8D32-3E9A2B4D8DF5}"
	ProjectSection(ProjectDependencies) = postProject
		{2DDCC749-D49B-42E6-8E4E-0CE105C6F507} = {2DDCC749-D49B-42E6-8E4E-0CE105C6F507}
	EndProjectSection
	ProjectSection(ProjectDependencies) = postProject
		{5DFF4384-61A3-4CDC-B88F-3478E44EA2D0} = {5DFF4384-61A3-4CDC-B88F-3478E44EA2D0}
	EndProjectSection
	ProjectSection(ProjectDependencies) = postProject
		{EF9167C5-2D3E-42C8-8D32-3E9A2B4D8DF5} = {EF9167C5-2D3E-42C8-8D32-3E9A2B4D8DF5}
	EndProjectSection
EndProject
Project("{8BC9CEB8-8B4A-11D0-8D11-00A0C91BC942}") = "sample", "expansive-windows-default\sample.vcxproj", "{B31144AE-D1DF-4933-9764-92F97354B33F}"
	ProjectSection(ProjectDependencies) = postProject
		{2DDCC749-D49B-42E6-8E4E-0CE105C6F507} = {2DDCC749-D49B-42E6-8E4E-0CE105C6F507}
	EndProjectSection
	ProjectSection(ProjectDependencies) = postProject
		{B31144AE-D1DF-4933-9764-92F97354B33F} = {B31144AE-D1DF-4933-9764-92F97354B33F}
	EndProjectSection
EndProject

    Global
        GlobalSection(SolutionConfigurationPlatforms) = preSolution
            Debug|Win32 = Debug|Win32
            Debug|x64 = Debug|x64
            Release|Win32 = Release|Win32
            Release|x64 = Release|x64
        EndGlobalSection
        GlobalSection(ProjectConfigurationPlatforms) = postSolution
{2DDCC749-D49B-42E6-8E4E-0CE105C6F507}.Debug|Win32.ActiveCfg = Debug|Win32
{2DDCC749-D49B-42E6-8E4E-0CE105C6F507}.Debug|Win32.Build.0 = Debug|Win32
{2DDCC749-D49B-42E6-8E4E-0CE105C6F507}.Debug|x64.ActiveCfg = Debug|x64
{2DDCC749-D49B-42E6-8E4E-0CE105C6F507}.Debug|x64.Build.0 = Debug|x64
{2DDCC749-D49B-42E6-8E4E-0CE105C6F507}.Release|Win32.ActiveCfg = Release|Win32
{2DDCC749-D49B-42E6-8E4E-0CE105C6F507}.Release|Win32.Build.0 = Release|Win32
{2DDCC749-D49B-42E6-8E4E-0CE105C6F507}.Release|x64.ActiveCfg = Release|x64
{2DDCC749-D49B-42E6-8E4E-0CE105C6F507}.Release|x64.Build.0 = Release|x64
{02CA7374-D1AA-425D-8F85-9AD8320980E7}.Debug|Win32.ActiveCfg = Debug|Win32
{02CA7374-D1AA-425D-8F85-9AD8320980E7}.Debug|Win32.Build.0 = Debug|Win32
{02CA7374-D1AA-425D-8F85-9AD8320980E7}.Debug|x64.ActiveCfg = Debug|x64
{02CA7374-D1AA-425D-8F85-9AD8320980E7}.Debug|x64.Build.0 = Debug|x64
{02CA7374-D1AA-425D-8F85-9AD8320980E7}.Release|Win32.ActiveCfg = Release|Win32
{02CA7374-D1AA-425D-8F85-9AD8320980E7}.Release|Win32.Build.0 = Release|Win32
{02CA7374-D1AA-425D-8F85-9AD8320980E7}.Release|x64.ActiveCfg = Release|x64
{02CA7374-D1AA-425D-8F85-9AD8320980E7}.Release|x64.Build.0 = Release|x64
{4BDD6F9C-78F4-4F4C-9A4B-9EBD713D1D00}.Debug|Win32.ActiveCfg = Debug|Win32
{4BDD6F9C-78F4-4F4C-9A4B-9EBD713D1D00}.Debug|Win32.Build.0 = Debug|Win32
{4BDD6F9C-78F4-4F4C-9A4B-9EBD713D1D00}.Debug|x64.ActiveCfg = Debug|x64
{4BDD6F9C-78F4-4F4C-9A4B-9EBD713D1D00}.Debug|x64.Build.0 = Debug|x64
{4BDD6F9C-78F4-4F4C-9A4B-9EBD713D1D00}.Release|Win32.ActiveCfg = Release|Win32
{4BDD6F9C-78F4-4F4C-9A4B-9EBD713D1D00}.Release|Win32.Build.0 = Release|Win32
{4BDD6F9C-78F4-4F4C-9A4B-9EBD713D1D00}.Release|x64.ActiveCfg = Release|x64
{4BDD6F9C-78F4-4F4C-9A4B-9EBD713D1D00}.Release|x64.Build.0 = Release|x64
{55D3272A-C6B1-45CB-9B3B-7BD1FF9B0ED9}.Debug|Win32.ActiveCfg = Debug|Win32
{55D3272A-C6B1-45CB-9B3B-7BD1FF9B0ED9}.Debug|Win32.Build.0 = Debug|Win32
{55D3272A-C6B1-45CB-9B3B-7BD1FF9B0ED9}.Debug|x64.ActiveCfg = Debug|x64
{55D3272A-C6B1-45CB-9B3B-7BD1FF9B0ED9}.Debug|x64.Build.0 = Debug|x64
{55D3272A-C6B1-45CB-9B3B-7BD1FF9B0ED9}.Release|Win32.ActiveCfg = Release|Win32
{55D3272A-C6B1-45CB-9B3B-7BD1FF9B0ED9}.Release|Win32.Build.0 = Release|Win32
{55D3272A-C6B1-45CB-9B3B-7BD1FF9B0ED9}.Release|x64.ActiveCfg = Release|x64
{55D3272A-C6B1-45CB-9B3B-7BD1FF9B0ED9}.Release|x64.Build.0 = Release|x64
{CB7A943F-B210-498C-80DD-8BA85D017F7E}.Debug|Win32.ActiveCfg = Debug|Win32
{CB7A943F-B210-498C-80DD-8BA85D017F7E}.Debug|Win32.Build.0 = Debug|Win32
{CB7A943F-B210-498C-80DD-8BA85D017F7E}.Debug|x64.ActiveCfg = Debug|x64
{CB7A943F-B210-498C-80DD-8BA85D017F7E}.Debug|x64.Build.0 = Debug|x64
{CB7A943F-B210-498C-80DD-8BA85D017F7E}.Release|Win32.ActiveCfg = Release|Win32
{CB7A943F-B210-498C-80DD-8BA85D017F7E}.Release|Win32.Build.0 = Release|Win32
{CB7A943F-B210-498C-80DD-8BA85D017F7E}.Release|x64.ActiveCfg = Release|x64
{CB7A943F-B210-498C-80DD-8BA85D017F7E}.Release|x64.Build.0 = Release|x64
{12F2348B-A901-4127-BE49-8E456FDA9002}.Debug|Win32.ActiveCfg = Debug|Win32
{12F2348B-A901-4127-BE49-8E456FDA9002}.Debug|Win32.Build.0 = Debug|Win32
{12F2348B-A901-4127-BE49-8E456FDA9002}.Debug|x64.ActiveCfg = Debug|x64
{12F2348B-A901-4127-BE49-8E456FDA9002}.Debug|x64.Build.0 = Debug|x64
{12F2348B-A901-4127-BE49-8E456FDA9002}.Release|Win32.ActiveCfg = Release|Win32
{12F2348B-A901-4127-BE49-8E456FDA9002}.Release|Win32.Build.0 = Release|Win32
{12F2348B-A901-4127-BE49-8E456FDA9002}.Release|x64.ActiveCfg = Release|x64
{12F2348B-A901-4127-BE49-8E456FDA9002}.Release|x64.Build.0 = Release|x64
{75A3C39B-7CD5-473D-8AA0-E3C369AB6B33}.Debug|Win32.ActiveCfg = Debug|Win32
{75A3C39B-7CD5-473D-8AA0-E3C369AB6B33}.Debug|Win32.Build.0 = Debug|Win32
{75A3C39B-7CD5-473D-8AA0-E3C369AB6B33}.Debug|x64.ActiveCfg = Debug|x64
{75A3C39B-7CD5-473D-8AA0-E3C369AB6B33}.Debug|x64.Build.0 = Debug|x64
{75A3C39B-7CD5-473D-8AA0-E3C369AB6B33}.Release|Win32.ActiveCfg = Release|Win32
{75A3C39B-7CD5-473D-8AA0-E3C369AB6B33}.Release|Win32.Build.0 = Release|Win32
{75A3C39B-7CD5-473D-8AA0-E3C369AB6B33}.Release|x64.ActiveCfg = Release|x64
{75A3C39B-7CD5-473D-8AA0-E3C369AB6B33}.Release|x64.Build.0 = Release|x64
{58ABBB3C-AF93-4C4C-B6FA-A27E1603A1C9}.Debug|Win32.ActiveCfg = Debug|Win32
{58ABBB3C-AF93-4C4C-B6FA-A27E1603A1C9}.Debug|Win32.Build.0 = Debug|Win32
{58ABBB3C-AF93-4C4C-B6FA-A27E1603A1C9}.Debug|x64.ActiveCfg = Debug|x64
{58ABBB3C-AF93-4C4C-B6FA-A27E1603A1C9}.Debug|x64.Build.0 = Debug|x64
{58ABBB3C-AF93-4C4C-B6FA-A27E1603A1C9}.Release|Win32.ActiveCfg = Release|Win32
{58ABBB3C-AF93-4C4C-B6FA-A27E1603A1C9}.Release|Win32.Build.0 = Release|Win32
{58ABBB3C-AF93-4C4C-B6FA-A27E1603A1C9}.Release|x64.ActiveCfg = Release|x64
{58ABBB3C-AF93-4C4C-B6FA-A27E1603A1C9}.Release|x64.Build.0 = Release|x64
{16DFB951-AD2C-4985-B2CE-CB9F2E1B3BB5}.Debug|Win32.ActiveCfg = Debug|Win32
{16DFB951-AD2C-4985-B2CE-CB9F2E1B3BB5}.Debug|Win32.Build.0 = Debug|Win32
{16DFB951-AD2C-4985-B2CE-CB9F2E1B3BB5}.Debug|x64.ActiveCfg = Debug|x64
{16DFB951-AD2C-4985-B2CE-CB9F2E1B3BB5}.Debug|x64.Build.0 = Debug|x64
{16DFB951-AD2C-4985-B2CE-CB9F2E1B3BB5}.Release|Win32.ActiveCfg = Release|Win32
{16DFB951-AD2C-4985-B2CE-CB9F2E1B3BB5}.Release|Win32.Build.0 = Release|Win32
{16DFB951-AD2C-4985-B2CE-CB9F2E1B3BB5}.Release|x64.ActiveCfg = Release|x64
{16DFB951-AD2C-4985-B2CE-CB9F2E1B3BB5}.Release|x64.Build.0 = Release|x64
{80960947-AC85-4936-AE84-93B0B65B2722}.Debug|Win32.ActiveCfg = Debug|Win32
{80960947-AC85-4936-AE84-93B0B65B2722}.Debug|Win32.Build.0 = Debug|Win32
{80960947-AC85-4936-AE84-93B0B65B2722}.Debug|x64.ActiveCfg = Debug|x64
{80960947-AC85-4936-AE84-93B0B65B2722}.Debug|x64.Build.0 = Debug|x64
{80960947-AC85-4936-AE84-93B0B65B2722}.Release|Win32.ActiveCfg = Release|Win32
{80960947-AC85-4936-AE84-93B0B65B2722}.Release|Win32.Build.0 = Release|Win32
{80960947-AC85-4936-AE84-93B0B65B2722}.Release|x64.ActiveCfg = Release|x64
{80960947-AC85-4936-AE84-93B0B65B2722}.Release|x64.Build.0 = Release|x64
{170FD981-3164-4E3F-A8DA-BF34FC01E99D}.Debug|Win32.ActiveCfg = Debug|Win32
{170FD981-3164-4E3F-A8DA-BF34FC01E99D}.Debug|Win32.Build.0 = Debug|Win32
{170FD981-3164-4E3F-A8DA-BF34FC01E99D}.Debug|x64.ActiveCfg = Debug|x64
{170FD981-3164-4E3F-A8DA-BF34FC01E99D}.Debug|x64.Build.0 = Debug|x64
{170FD981-3164-4E3F-A8DA-BF34FC01E99D}.Release|Win32.ActiveCfg = Release|Win32
{170FD981-3164-4E3F-A8DA-BF34FC01E99D}.Release|Win32.Build.0 = Release|Win32
{170FD981-3164-4E3F-A8DA-BF34FC01E99D}.Release|x64.ActiveCfg = Release|x64
{170FD981-3164-4E3F-A8DA-BF34FC01E99D}.Release|x64.Build.0 = Release|x64
{5DFF4384-61A3-4CDC-B88F-3478E44EA2D0}.Debug|Win32.ActiveCfg = Debug|Win32
{5DFF4384-61A3-4CDC-B88F-3478E44EA2D0}.Debug|Win32.Build.0 = Debug|Win32
{5DFF4384-61A3-4CDC-B88F-3478E44EA2D0}.Debug|x64.ActiveCfg = Debug|x64
{5DFF4384-61A3-4CDC-B88F-3478E44EA2D0}.Debug|x64.Build.0 = Debug|x64
{5DFF4384-61A3-4CDC-B88F-3478E44EA2D0}.Release|Win32.ActiveCfg = Release|Win32
{5DFF4384-61A3-4CDC-B88F-3478E44EA2D0}.Release|Win32.Build.0 = Release|Win32
{5DFF4384-61A3-4CDC-B88F-3478E44EA2D0}.Release|x64.ActiveCfg = Release|x64
{5DFF4384-61A3-4CDC-B88F-3478E44EA2D0}.Release|x64.Build.0 = Release|x64
{EF9167C5-2D3E-42C8-8D32-3E9A2B4D8DF5}.Debug|Win32.ActiveCfg = Debug|Win32
{EF9167C5-2D3E-42C8-8D32-3E9A2B4D8DF5}.Debug|Win32.Build.0 = Debug|Win32
{EF9167C5-2D3E-42C8-8D32-3E9A2B4D8DF5}.Debug|x64.ActiveCfg = Debug|x64
{EF9167C5-2D3E-42C8-8D32-3E9A2B4D8DF5}.Debug|x64.Build.0 = Debug|x64
{EF9167C5-2D3E-42C8-8D32-3E9A2B4D8DF5}.Release|Win32.ActiveCfg = Release|Win32
{EF9167C5-2D3E-42C8-8D32-3E9A2B4D8DF5}.Release|Win32.Build.0 = Release|Win32
{EF9167C5-2D3E-42C8-8D32-3E9A2B4D8DF5}.Release|x64.ActiveCfg = Release|x64
{EF9167C5-2D3E-42C8-8D32-3E9A2B4D8DF5}.Release|x64.Build.0 = Release|x64
{B31144AE-D1DF-4933-9764-92F97354B33F}.Debug|Win32.ActiveCfg = Debug|Win32
{B31144AE-D1DF-4933-9764-92F97354B33F}.Debug|Win32.Build.0 = Debug|Win32
{B31144AE-D1DF-4933-9764-92F97354B33F}.Debug|x64.ActiveCfg = Debug|x64
{B31144AE-D1DF-4933-9764-92F97354B33F}.Debug|x64.Build.0 = Debug|x64
{B31144AE-D1DF-4933-9764-92F97354B33F}.Release|Win32.ActiveCfg = Release|Win32
{B31144AE-D1DF-4933-9764-92F97354B33F}.Release|Win32.Build.0 = Release|Win32
{B31144AE-D1DF-4933-9764-92F97354B33F}.Release|x64.ActiveCfg = Release|x64
{B31144AE-D1DF-4933-9764-92F97354B33F}.Release|x64.Build.0 = Release|x64
EndGlobalSection

      GlobalSection(SolutionProperties) = preSolution
        HideSolutionNode = FALSE
      EndGlobalSection
    EndGlobal
